
Microsoft Visual Studio Solution File, Format Version 12.00
# Visual Studio Version 16
VisualStudioVersion = 16.0.30717.126
MinimumVisualStudioVersion = 10.0.40219.1
Project("{FAE04EC0-301F-11D3-BF4B-00C04F79EFBC}") = "PdfService", "PdfService.csproj", "{D1722FD9-CB5D-4B30-AF96-9F43B1B73855}"
EndProject
Global
	GlobalSection(SolutionConfigurationPlatforms) = preSolution
		Debug|Any CPU = Debug|Any CPU
		Release|Any CPU = Release|Any CPU
	EndGlobalSection
	GlobalSection(ProjectConfigurationPlatforms) = postSolution
		{D1722FD9-CB5D-4B30-AF96-9F43B1B73855}.Debug|Any CPU.ActiveCfg = Debug|Any CPU
		{D1722FD9-CB5D-4B30-AF96-9F43B1B73855}.Debug|Any CPU.Build.0 = Debug|Any CPU
		{D1722FD9-CB5D-4B30-AF96-9F43B1B73855}.Release|Any CPU.ActiveCfg = Release|Any CPU
		{D1722FD9-CB5D-4B30-AF96-9F43B1B73855}.Release|Any CPU.Build.0 = Release|Any CPU
	EndGlobalSection
	GlobalSection(SolutionProperties) = preSolution
		HideSolutionNode = FALSE
	EndGlobalSection
	GlobalSection(ExtensibilityGlobals) = postSolution
		SolutionGuid = {BA9A049B-DD41-446F-8F1E-25352514F408}
	EndGlobalSection
EndGlobal
